<Solution>
  <Folder Name="/Tools/">
    <Project Path="Tools/CanonicalNameCleanup/CanonicalNameCleanup.csproj" />
    <Project Path="Tools/SchemaGenerator/SchemaGenerator.csproj" />
  </Folder>
  <Project Path="DndMcpAICsharpFun.csproj" />
  <Project Path="DndMcpAICsharpFun.Tests/DndMcpAICsharpFun.Tests.csproj" />
</Solution>
