<Solution>
  <Folder Name="/Tools/">
    <Project Path="Tools/SchemaGenerator/SchemaGenerator.csproj" />
  </Folder>
  <Project Path="DndMcpAICsharpFun.csproj" />
  <Project Path="DndMcpAICsharpFun.Tests/DndMcpAICsharpFun.Tests.csproj" />
  <Project Path="DndMcpAICompanion/DndMcpAICompanion.csproj" />
  <Project Path="DndMcpAICompanion.Tests/DndMcpAICompanion.Tests.csproj" />
</Solution>
